Microsoft Visual Studio Solution File, Format Version 11.00
# Visual Studio 2008

Project("{63020754-9BA2-FA54-15A7-BBDA4AB3B5E6}") = "Glitch Garden V.02", "Assembly-CSharp.csproj", "{20031051-4ED2-B5F4-2C7D-BB445E903AD9}"
EndProject
Global
	GlobalSection(SolutionConfigurationPlatforms) = preSolution
		Debug|Any CPU = Debug|Any CPU
		Release|Any CPU = Release|Any CPU
	EndGlobalSection
	GlobalSection(ProjectConfigurationPlatforms) = postSolution
		{20031051-4ED2-B5F4-2C7D-BB445E903AD9}.Debug|Any CPU.ActiveCfg = Debug|Any CPU
		{20031051-4ED2-B5F4-2C7D-BB445E903AD9}.Debug|Any CPU.Build.0 = Debug|Any CPU
		{20031051-4ED2-B5F4-2C7D-BB445E903AD9}.Release|Any CPU.ActiveCfg = Release|Any CPU
		{20031051-4ED2-B5F4-2C7D-BB445E903AD9}.Release|Any CPU.Build.0 = Release|Any CPU
	EndGlobalSection
	GlobalSection(SolutionProperties) = preSolution
		HideSolutionNode = FALSE
	EndGlobalSection
	GlobalSection(MonoDevelopProperties) = preSolution
		StartupItem = Assembly-CSharp.csproj
	EndGlobalSection
EndGlobal
